
Microsoft Visual Studio Solution File, Format Version 11.00
# Visual Studio 2010
Project("{FAE04EC0-301F-11D3-BF4B-00C04F79EFBC}") = "TimerEvent", "TimerEvent\TimerEvent.csproj", "{6099F6F1-6F8E-4586-9807-3F7F3D052964}"
EndProject
Global
	GlobalSection(SolutionConfigurationPlatforms) = preSolution
		Debug|x86 = Debug|x86
		Release|x86 = Release|x86
	EndGlobalSection
	GlobalSection(ProjectConfigurationPlatforms) = postSolution
		{6099F6F1-6F8E-4586-9807-3F7F3D052964}.Debug|x86.ActiveCfg = Debug|x86
		{6099F6F1-6F8E-4586-9807-3F7F3D052964}.Debug|x86.Build.0 = Debug|x86
		{6099F6F1-6F8E-4586-9807-3F7F3D052964}.Release|x86.ActiveCfg = Release|x86
		{6099F6F1-6F8E-4586-9807-3F7F3D052964}.Release|x86.Build.0 = Release|x86
	EndGlobalSection
	GlobalSection(SolutionProperties) = preSolution
		HideSolutionNode = FALSE
	EndGlobalSection
EndGlobal
